
Microsoft Visual Studio Solution File, Format Version 12.00
# Visual Studio Version 16
VisualStudioVersion = 16.0.29123.89
MinimumVisualStudioVersion = 10.0.40219.1
Project("{9A19103F-16F7-4668-BE54-9A1E7A4F7556}") = "Challenge.Api", "Challenge.Api\Challenge.Api.csproj", "{B6EFED87-F0E9-45AE-BCC4-C53BD3A044F4}"
EndProject
Project("{FAE04EC0-301F-11D3-BF4B-00C04F79EFBC}") = "Challenge.Web", "Challenge.Web\Challenge.Web.csproj", "{CCDBE95A-AB08-447D-AC03-A53221F69B99}"
EndProject
Global
	GlobalSection(SolutionConfigurationPlatforms) = preSolution
		Debug|Any CPU = Debug|Any CPU
		Release|Any CPU = Release|Any CPU
	EndGlobalSection
	GlobalSection(ProjectConfigurationPlatforms) = postSolution
		{B6EFED87-F0E9-45AE-BCC4-C53BD3A044F4}.Debug|Any CPU.ActiveCfg = Debug|Any CPU
		{B6EFED87-F0E9-45AE-BCC4-C53BD3A044F4}.Debug|Any CPU.Build.0 = Debug|Any CPU
		{B6EFED87-F0E9-45AE-BCC4-C53BD3A044F4}.Release|Any CPU.ActiveCfg = Release|Any CPU
		{B6EFED87-F0E9-45AE-BCC4-C53BD3A044F4}.Release|Any CPU.Build.0 = Release|Any CPU
		{CCDBE95A-AB08-447D-AC03-A53221F69B99}.Debug|Any CPU.ActiveCfg = Debug|Any CPU
		{CCDBE95A-AB08-447D-AC03-A53221F69B99}.Debug|Any CPU.Build.0 = Debug|Any CPU
		{CCDBE95A-AB08-447D-AC03-A53221F69B99}.Release|Any CPU.ActiveCfg = Release|Any CPU
		{CCDBE95A-AB08-447D-AC03-A53221F69B99}.Release|Any CPU.Build.0 = Release|Any CPU
	EndGlobalSection
	GlobalSection(SolutionProperties) = preSolution
		HideSolutionNode = FALSE
	EndGlobalSection
	GlobalSection(ExtensibilityGlobals) = postSolution
		SolutionGuid = {BC35CFDF-9266-4AF0-82D0-3DEA1828AB90}
	EndGlobalSection
EndGlobal
